
Microsoft Visual Studio Solution File, Format Version 12.00
# Visual Studio 15
VisualStudioVersion = 15.0.27703.2042
MinimumVisualStudioVersion = 10.0.40219.1
Project("{FAE04EC0-301F-11D3-BF4B-00C04F79EFBC}") = "helpDesk", "helpDesk\helpDesk.csproj", "{600DEE73-07D7-46BE-B24F-41B6393C65D8}"
EndProject
Global
	GlobalSection(SolutionConfigurationPlatforms) = preSolution
		Debug|Any CPU = Debug|Any CPU
		Release|Any CPU = Release|Any CPU
	EndGlobalSection
	GlobalSection(ProjectConfigurationPlatforms) = postSolution
		{600DEE73-07D7-46BE-B24F-41B6393C65D8}.Debug|Any CPU.ActiveCfg = Debug|Any CPU
		{600DEE73-07D7-46BE-B24F-41B6393C65D8}.Debug|Any CPU.Build.0 = Debug|Any CPU
		{600DEE73-07D7-46BE-B24F-41B6393C65D8}.Release|Any CPU.ActiveCfg = Release|Any CPU
		{600DEE73-07D7-46BE-B24F-41B6393C65D8}.Release|Any CPU.Build.0 = Release|Any CPU
	EndGlobalSection
	GlobalSection(SolutionProperties) = preSolution
		HideSolutionNode = FALSE
	EndGlobalSection
	GlobalSection(ExtensibilityGlobals) = postSolution
		SolutionGuid = {D61C4494-760D-41B4-8618-91C34D9CB364}
	EndGlobalSection
EndGlobal
